
Microsoft Visual Studio Solution File, Format Version 12.00
# Visual Studio Version 17
VisualStudioVersion = 17.11.35327.3
MinimumVisualStudioVersion = 10.0.40219.1
Project("{FAE04EC0-301F-11D3-BF4B-00C04F79EFBC}") = "Lab4", "Lab4\Lab4.csproj", "{EAC9DA6A-9C1A-4A7C-9071-E5B41B3972CB}"
EndProject
Global
	GlobalSection(SolutionConfigurationPlatforms) = preSolution
		Debug|Any CPU = Debug|Any CPU
		Release|Any CPU = Release|Any CPU
	EndGlobalSection
	GlobalSection(ProjectConfigurationPlatforms) = postSolution
		{EAC9DA6A-9C1A-4A7C-9071-E5B41B3972CB}.Debug|Any CPU.ActiveCfg = Debug|Any CPU
		{EAC9DA6A-9C1A-4A7C-9071-E5B41B3972CB}.Debug|Any CPU.Build.0 = Debug|Any CPU
		{EAC9DA6A-9C1A-4A7C-9071-E5B41B3972CB}.Release|Any CPU.ActiveCfg = Release|Any CPU
		{EAC9DA6A-9C1A-4A7C-9071-E5B41B3972CB}.Release|Any CPU.Build.0 = Release|Any CPU
	EndGlobalSection
	GlobalSection(SolutionProperties) = preSolution
		HideSolutionNode = FALSE
	EndGlobalSection
	GlobalSection(ExtensibilityGlobals) = postSolution
		SolutionGuid = {0C76363F-A6E2-4766-B3ED-8BB55EECAD82}
	EndGlobalSection
EndGlobal
